// !$*UTF8*$!
{
	archiveVersion = 1;
	classes = {
	};
	objectVersion = 56;
	objects = {

/* Begin PBXBuildFile section */
		883586122B2F133600DFF435 /* Extensions.swift in Sources */ = {isa = PBXBuildFile; fileRef = 883586112B2F133600DFF435 /* Extensions.swift */; };
		88B0E6642B2E1BFA00FBA36E /* TabBarViewController.swift in Sources */ = {isa = PBXBuildFile; fileRef = 88B0E6632B2E1BFA00FBA36E /* TabBarViewController.swift */; };
		88B0E6662B2E1EF800FBA36E /* DetailTableViewController.swift in Sources */ = {isa = PBXBuildFile; fileRef = 88B0E6652B2E1EF800FBA36E /* DetailTableViewController.swift */; };
		88B0F7512B2DCCBC009F5944 /* AppDelegate.swift in Sources */ = {isa = PBXBuildFile; fileRef = 88B0F7502B2DCCBC009F5944 /* AppDelegate.swift */; };
		88B0F7532B2DCCBC009F5944 /* SceneDelegate.swift in Sources */ = {isa = PBXBuildFile; fileRef = 88B0F7522B2DCCBC009F5944 /* SceneDelegate.swift */; };
		88B0F7582B2DCCBD009F5944 /* Main.storyboard in Resources */ = {isa = PBXBuildFile; fileRef = 88B0F7562B2DCCBD009F5944 /* Main.storyboard */; };
		88B0F75A2B2DCCBE009F5944 /* Assets.xcassets in Resources */ = {isa = PBXBuildFile; fileRef = 88B0F7592B2DCCBE009F5944 /* Assets.xcassets */; };
		88B0F75D2B2DCCBE009F5944 /* LaunchScreen.storyboard in Resources */ = {isa = PBXBuildFile; fileRef = 88B0F75B2B2DCCBE009F5944 /* LaunchScreen.storyboard */; };
		88B0F7682B2DCD42009F5944 /* InfoViewController.swift in Sources */ = {isa = PBXBuildFile; fileRef = 88B0F7642B2DCD41009F5944 /* InfoViewController.swift */; };
		88B0F7692B2DCD42009F5944 /* PersonsTableViewController.swift in Sources */ = {isa = PBXBuildFile; fileRef = 88B0F7652B2DCD41009F5944 /* PersonsTableViewController.swift */; };
		88B0F76A2B2DCD42009F5944 /* Model.swift in Sources */ = {isa = PBXBuildFile; fileRef = 88B0F7662B2DCD41009F5944 /* Model.swift */; };
		88B0F76B2B2DCD42009F5944 /* Services.swift in Sources */ = {isa = PBXBuildFile; fileRef = 88B0F7672B2DCD42009F5944 /* Services.swift */; };
/* End PBXBuildFile section */

/* Begin PBXFileReference section */
		883586112B2F133600DFF435 /* Extensions.swift */ = {isa = PBXFileReference; lastKnownFileType = sourcecode.swift; path = Extensions.swift; sourceTree = "<group>"; };
		88B0E6632B2E1BFA00FBA36E /* TabBarViewController.swift */ = {isa = PBXFileReference; lastKnownFileType = sourcecode.swift; path = TabBarViewController.swift; sourceTree = "<group>"; };
		88B0E6652B2E1EF800FBA36E /* DetailTableViewController.swift */ = {isa = PBXFileReference; lastKnownFileType = sourcecode.swift; path = DetailTableViewController.swift; sourceTree = "<group>"; };
		88B0F74D2B2DCCBC009F5944 /* ContactList.app */ = {isa = PBXFileReference; explicitFileType = wrapper.application; includeInIndex = 0; path = ContactList.app; sourceTree = BUILT_PRODUCTS_DIR; };
		88B0F7502B2DCCBC009F5944 /* AppDelegate.swift */ = {isa = PBXFileReference; lastKnownFileType = sourcecode.swift; path = AppDelegate.swift; sourceTree = "<group>"; };
		88B0F7522B2DCCBC009F5944 /* SceneDelegate.swift */ = {isa = PBXFileReference; lastKnownFileType = sourcecode.swift; path = SceneDelegate.swift; sourceTree = "<group>"; };
		88B0F7572B2DCCBD009F5944 /* Base */ = {isa = PBXFileReference; lastKnownFileType = file.storyboard; name = Base; path = Base.lproj/Main.storyboard; sourceTree = "<group>"; };
		88B0F7592B2DCCBE009F5944 /* Assets.xcassets */ = {isa = PBXFileReference; lastKnownFileType = folder.assetcatalog; path = Assets.xcassets; sourceTree = "<group>"; };
		88B0F75C2B2DCCBE009F5944 /* Base */ = {isa = PBXFileReference; lastKnownFileType = file.storyboard; name = Base; path = Base.lproj/LaunchScreen.storyboard; sourceTree = "<group>"; };
		88B0F75E2B2DCCBE009F5944 /* Info.plist */ = {isa = PBXFileReference; lastKnownFileType = text.plist.xml; path = Info.plist; sourceTree = "<group>"; };
		88B0F7642B2DCD41009F5944 /* InfoViewController.swift */ = {isa = PBXFileReference; fileEncoding = 4; lastKnownFileType = sourcecode.swift; path = InfoViewController.swift; sourceTree = "<group>"; };
		88B0F7652B2DCD41009F5944 /* PersonsTableViewController.swift */ = {isa = PBXFileReference; fileEncoding = 4; lastKnownFileType = sourcecode.swift; path = PersonsTableViewController.swift; sourceTree = "<group>"; };
		88B0F7662B2DCD41009F5944 /* Model.swift */ = {isa = PBXFileReference; fileEncoding = 4; lastKnownFileType = sourcecode.swift; path = Model.swift; sourceTree = "<group>"; };
		88B0F7672B2DCD42009F5944 /* Services.swift */ = {isa = PBXFileReference; fileEncoding = 4; lastKnownFileType = sourcecode.swift; path = Services.swift; sourceTree = "<group>"; };
/* End PBXFileReference section */

/* Begin PBXFrameworksBuildPhase section */
		88B0F74A2B2DCCBC009F5944 /* Frameworks */ = {
			isa = PBXFrameworksBuildPhase;
			buildActionMask = 2147483647;
			files = (
			);
			runOnlyForDeploymentPostprocessing = 0;
		};
/* End PBXFrameworksBuildPhase section */

/* Begin PBXGroup section */
		88B0F7442B2DCCBC009F5944 = {
			isa = PBXGroup;
			children = (
				88B0F74F2B2DCCBC009F5944 /* ContactList */,
				88B0F74E2B2DCCBC009F5944 /* Products */,
			);
			sourceTree = "<group>";
		};
		88B0F74E2B2DCCBC009F5944 /* Products */ = {
			isa = PBXGroup;
			children = (
				88B0F74D2B2DCCBC009F5944 /* ContactList.app */,
			);
			name = Products;
			sourceTree = "<group>";
		};
		88B0F74F2B2DCCBC009F5944 /* ContactList */ = {
			isa = PBXGroup;
			children = (
				88B0F7662B2DCD41009F5944 /* Model.swift */,
				88B0F7672B2DCD42009F5944 /* Services.swift */,
				883586112B2F133600DFF435 /* Extensions.swift */,
				88B0F76E2B2DCDA0009F5944 /* ViewControllers */,
				88B0F76C2B2DCD5D009F5944 /* Storyboards */,
				88B0F76D2B2DCD75009F5944 /* App */,
				88B0F7592B2DCCBE009F5944 /* Assets.xcassets */,
			);
			path = ContactList;
			sourceTree = "<group>";
		};
		88B0F76C2B2DCD5D009F5944 /* Storyboards */ = {
			isa = PBXGroup;
			children = (
				88B0F7562B2DCCBD009F5944 /* Main.storyboard */,
				88B0F75B2B2DCCBE009F5944 /* LaunchScreen.storyboard */,
			);
			path = Storyboards;
			sourceTree = "<group>";
		};
		88B0F76D2B2DCD75009F5944 /* App */ = {
			isa = PBXGroup;
			children = (
				88B0F7502B2DCCBC009F5944 /* AppDelegate.swift */,
				88B0F7522B2DCCBC009F5944 /* SceneDelegate.swift */,
				88B0F75E2B2DCCBE009F5944 /* Info.plist */,
			);
			path = App;
			sourceTree = "<group>";
		};
		88B0F76E2B2DCDA0009F5944 /* ViewControllers */ = {
			isa = PBXGroup;
			children = (
				88B0E6632B2E1BFA00FBA36E /* TabBarViewController.swift */,
				88B0F7652B2DCD41009F5944 /* PersonsTableViewController.swift */,
				88B0F7642B2DCD41009F5944 /* InfoViewController.swift */,
				88B0E6652B2E1EF800FBA36E /* DetailTableViewController.swift */,
			);
			path = ViewControllers;
			sourceTree = "<group>";
		};
/* End PBXGroup section */

/* Begin PBXNativeTarget section */
		88B0F74C2B2DCCBC009F5944 /* ContactList */ = {
			isa = PBXNativeTarget;
			buildConfigurationList = 88B0F7612B2DCCBE009F5944 /* Build configuration list for PBXNativeTarget "ContactList" */;
			buildPhases = (
				88B0F7492B2DCCBC009F5944 /* Sources */,
				88B0F74A2B2DCCBC009F5944 /* Frameworks */,
				88B0F74B2B2DCCBC009F5944 /* Resources */,
			);
			buildRules = (
			);
			dependencies = (
			);
			name = ContactList;
			productName = ContactList;
			productReference = 88B0F74D2B2DCCBC009F5944 /* ContactList.app */;
			productType = "com.apple.product-type.application";
		};
/* End PBXNativeTarget section */

/* Begin PBXProject section */
		88B0F7452B2DCCBC009F5944 /* Project object */ = {
			isa = PBXProject;
			attributes = {
				BuildIndependentTargetsInParallel = 1;
				LastSwiftUpdateCheck = 1510;
				LastUpgradeCheck = 1510;
				TargetAttributes = {
					88B0F74C2B2DCCBC009F5944 = {
						CreatedOnToolsVersion = 15.1;
					};
				};
			};
			buildConfigurationList = 88B0F7482B2DCCBC009F5944 /* Build configuration list for PBXProject "ContactList" */;
			compatibilityVersion = "Xcode 14.0";
			developmentRegion = en;
			hasScannedForEncodings = 0;
			knownRegions = (
				en,
				Base,
			);
			mainGroup = 88B0F7442B2DCCBC009F5944;
			productRefGroup = 88B0F74E2B2DCCBC009F5944 /* Products */;
			projectDirPath = "";
			projectRoot = "";
			targets = (
				88B0F74C2B2DCCBC009F5944 /* ContactList */,
			);
		};
/* End PBXProject section */

/* Begin PBXResourcesBuildPhase section */
		88B0F74B2B2DCCBC009F5944 /* Resources */ = {
			isa = PBXResourcesBuildPhase;
			buildActionMask = 2147483647;
			files = (
				88B0F75D2B2DCCBE009F5944 /* LaunchScreen.storyboard in Resources */,
				88B0F75A2B2DCCBE009F5944 /* Assets.xcassets in Resources */,
				88B0F7582B2DCCBD009F5944 /* Main.storyboard in Resources */,
			);
			runOnlyForDeploymentPostprocessing = 0;
		};
/* End PBXResourcesBuildPhase section */

/* Begin PBXSourcesBuildPhase section */
		88B0F7492B2DCCBC009F5944 /* Sources */ = {
			isa = PBXSourcesBuildPhase;
			buildActionMask = 2147483647;
			files = (
				88B0F76A2B2DCD42009F5944 /* Model.swift in Sources */,
				883586122B2F133600DFF435 /* Extensions.swift in Sources */,
				88B0F76B2B2DCD42009F5944 /* Services.swift in Sources */,
				88B0F7692B2DCD42009F5944 /* PersonsTableViewController.swift in Sources */,
				88B0F7512B2DCCBC009F5944 /* AppDelegate.swift in Sources */,
				88B0E6662B2E1EF800FBA36E /* DetailTableViewController.swift in Sources */,
				88B0E6642B2E1BFA00FBA36E /* TabBarViewController.swift in Sources */,
				88B0F7682B2DCD42009F5944 /* InfoViewController.swift in Sources */,
				88B0F7532B2DCCBC009F5944 /* SceneDelegate.swift in Sources */,
			);
			runOnlyForDeploymentPostprocessing = 0;
		};
/* End PBXSourcesBuildPhase section */

/* Begin PBXVariantGroup section */
		88B0F7562B2DCCBD009F5944 /* Main.storyboard */ = {
			isa = PBXVariantGroup;
			children = (
				88B0F7572B2DCCBD009F5944 /* Base */,
			);
			name = Main.storyboard;
			sourceTree = "<group>";
		};
		88B0F75B2B2DCCBE009F5944 /* LaunchScreen.storyboard */ = {
			isa = PBXVariantGroup;
			children = (
				88B0F75C2B2DCCBE009F5944 /* Base */,
			);
			name = LaunchScreen.storyboard;
			sourceTree = "<group>";
		};
/* End PBXVariantGroup section */

/* Begin XCBuildConfiguration section */
		88B0F75F2B2DCCBE009F5944 /* Debug */ = {
			isa = XCBuildConfiguration;
			buildSettings = {
				ALWAYS_SEARCH_USER_PATHS = NO;
				ASSETCATALOG_COMPILER_GENERATE_SWIFT_ASSET_SYMBOL_EXTENSIONS = YES;
				CLANG_ANALYZER_NONNULL = YES;
				CLANG_ANALYZER_NUMBER_OBJECT_CONVERSION = YES_AGGRESSIVE;
				CLANG_CXX_LANGUAGE_STANDARD = "gnu++20";
				CLANG_ENABLE_MODULES = YES;
				CLANG_ENABLE_OBJC_ARC = YES;
				CLANG_ENABLE_OBJC_WEAK = YES;
				CLANG_WARN_BLOCK_CAPTURE_AUTORELEASING = YES;
				CLANG_WARN_BOOL_CONVERSION = YES;
				CLANG_WARN_COMMA = YES;
				CLANG_WARN_CONSTANT_CONVERSION = YES;
				CLANG_WARN_DEPRECATED_OBJC_IMPLEMENTATIONS = YES;
				CLANG_WARN_DIRECT_OBJC_ISA_USAGE = YES_ERROR;
				CLANG_WARN_DOCUMENTATION_COMMENTS = YES;
				CLANG_WARN_EMPTY_BODY = YES;
				CLANG_WARN_ENUM_CONVERSION = YES;
				CLANG_WARN_INFINITE_RECURSION = YES;
				CLANG_WARN_INT_CONVERSION = YES;
				CLANG_WARN_NON_LITERAL_NULL_CONVERSION = YES;
				CLANG_WARN_OBJC_IMPLICIT_RETAIN_SELF = YES;
				CLANG_WARN_OBJC_LITERAL_CONVERSION = YES;
				CLANG_WARN_OBJC_ROOT_CLASS = YES_ERROR;
				CLANG_WARN_QUOTED_INCLUDE_IN_FRAMEWORK_HEADER = YES;
				CLANG_WARN_RANGE_LOOP_ANALYSIS = YES;
				CLANG_WARN_STRICT_PROTOTYPES = YES;
				CLANG_WARN_SUSPICIOUS_MOVE = YES;
				CLANG_WARN_UNGUARDED_AVAILABILITY = YES_AGGRESSIVE;
				CLANG_WARN_UNREACHABLE_CODE = YES;
				CLANG_WARN__DUPLICATE_METHOD_MATCH = YES;
				COPY_PHASE_STRIP = NO;
				DEBUG_INFORMATION_FORMAT = dwarf;
				ENABLE_STRICT_OBJC_MSGSEND = YES;
				ENABLE_TESTABILITY = YES;
				ENABLE_USER_SCRIPT_SANDBOXING = YES;
				GCC_C_LANGUAGE_STANDARD = gnu17;
				GCC_DYNAMIC_NO_PIC = NO;
				GCC_NO_COMMON_BLOCKS = YES;
				GCC_OPTIMIZATION_LEVEL = 0;
				GCC_PREPROCESSOR_DEFINITIONS = (
					"DEBUG=1",
					"$(inherited)",
				);
				GCC_WARN_64_TO_32_BIT_CONVERSION = YES;
				GCC_WARN_ABOUT_RETURN_TYPE = YES_ERROR;
				GCC_WARN_UNDECLARED_SELECTOR = YES;
				GCC_WARN_UNINITIALIZED_AUTOS = YES_AGGRESSIVE;
				GCC_WARN_UNUSED_FUNCTION = YES;
				GCC_WARN_UNUSED_VARIABLE = YES;
				IPHONEOS_DEPLOYMENT_TARGET = 17.2;
				LOCALIZATION_PREFERS_STRING_CATALOGS = YES;
				MTL_ENABLE_DEBUG_INFO = INCLUDE_SOURCE;
				MTL_FAST_MATH = YES;
				ONLY_ACTIVE_ARCH = YES;
				SDKROOT = iphoneos;
				SWIFT_ACTIVE_COMPILATION_CONDITIONS = "DEBUG $(inherited)";
				SWIFT_OPTIMIZATION_LEVEL = "-Onone";
			};
			name = Debug;
		};
		88B0F7602B2DCCBE009F5944 /* Release */ = {
			isa = XCBuildConfiguration;
			buildSettings = {
				ALWAYS_SEARCH_USER_PATHS = NO;
				ASSETCATALOG_COMPILER_GENERATE_SWIFT_ASSET_SYMBOL_EXTENSIONS = YES;
				CLANG_ANALYZER_NONNULL = YES;
				CLANG_ANALYZER_NUMBER_OBJECT_CONVERSION = YES_AGGRESSIVE;
				CLANG_CXX_LANGUAGE_STANDARD = "gnu++20";
				CLANG_ENABLE_MODULES = YES;
				CLANG_ENABLE_OBJC_ARC = YES;
				CLANG_ENABLE_OBJC_WEAK = YES;
				CLANG_WARN_BLOCK_CAPTURE_AUTORELEASING = YES;
				CLANG_WARN_BOOL_CONVERSION = YES;
				CLANG_WARN_COMMA = YES;
				CLANG_WARN_CONSTANT_CONVERSION = YES;
				CLANG_WARN_DEPRECATED_OBJC_IMPLEMENTATIONS = YES;
				CLANG_WARN_DIRECT_OBJC_ISA_USAGE = YES_ERROR;
				CLANG_WARN_DOCUMENTATION_COMMENTS = YES;
				CLANG_WARN_EMPTY_BODY = YES;
				CLANG_WARN_ENUM_CONVERSION = YES;
				CLANG_WARN_INFINITE_RECURSION = YES;
				CLANG_WARN_INT_CONVERSION = YES;
				CLANG_WARN_NON_LITERAL_NULL_CONVERSION = YES;
				CLANG_WARN_OBJC_IMPLICIT_RETAIN_SELF = YES;
				CLANG_WARN_OBJC_LITERAL_CONVERSION = YES;
				CLANG_WARN_OBJC_ROOT_CLASS = YES_ERROR;
				CLANG_WARN_QUOTED_INCLUDE_IN_FRAMEWORK_HEADER = YES;
				CLANG_WARN_RANGE_LOOP_ANALYSIS = YES;
				CLANG_WARN_STRICT_PROTOTYPES = YES;
				CLANG_WARN_SUSPICIOUS_MOVE = YES;
				CLANG_WARN_UNGUARDED_AVAILABILITY = YES_AGGRESSIVE;
				CLANG_WARN_UNREACHABLE_CODE = YES;
				CLANG_WARN__DUPLICATE_METHOD_MATCH = YES;
				COPY_PHASE_STRIP = NO;
				DEBUG_INFORMATION_FORMAT = "dwarf-with-dsym";
				ENABLE_NS_ASSERTIONS = NO;
				ENABLE_STRICT_OBJC_MSGSEND = YES;
				ENABLE_USER_SCRIPT_SANDBOXING = YES;
				GCC_C_LANGUAGE_STANDARD = gnu17;
				GCC_NO_COMMON_BLOCKS = YES;
				GCC_WARN_64_TO_32_BIT_CONVERSION = YES;
				GCC_WARN_ABOUT_RETURN_TYPE = YES_ERROR;
				GCC_WARN_UNDECLARED_SELECTOR = YES;
				GCC_WARN_UNINITIALIZED_AUTOS = YES_AGGRESSIVE;
				GCC_WARN_UNUSED_FUNCTION = YES;
				GCC_WARN_UNUSED_VARIABLE = YES;
				IPHONEOS_DEPLOYMENT_TARGET = 17.2;
				LOCALIZATION_PREFERS_STRING_CATALOGS = YES;
				MTL_ENABLE_DEBUG_INFO = NO;
				MTL_FAST_MATH = YES;
				SDKROOT = iphoneos;
				SWIFT_COMPILATION_MODE = wholemodule;
				VALIDATE_PRODUCT = YES;
			};
			name = Release;
		};
		88B0F7622B2DCCBE009F5944 /* Debug */ = {
			isa = XCBuildConfiguration;
			buildSettings = {
				ASSETCATALOG_COMPILER_APPICON_NAME = AppIcon;
				ASSETCATALOG_COMPILER_GLOBAL_ACCENT_COLOR_NAME = AccentColor;
				CODE_SIGN_STYLE = Automatic;
				CURRENT_PROJECT_VERSION = 1;
				DEVELOPMENT_TEAM = 22F4X6HQFV;
				GENERATE_INFOPLIST_FILE = YES;
				INFOPLIST_FILE = ContactList/App/Info.plist;
				INFOPLIST_KEY_UIApplicationSupportsIndirectInputEvents = YES;
				INFOPLIST_KEY_UILaunchStoryboardName = LaunchScreen;
				INFOPLIST_KEY_UIMainStoryboardFile = Main;
				INFOPLIST_KEY_UISupportedInterfaceOrientations = UIInterfaceOrientationPortrait;
				INFOPLIST_KEY_UISupportedInterfaceOrientations_iPad = "UIInterfaceOrientationLandscapeLeft UIInterfaceOrientationLandscapeRight UIInterfaceOrientationPortrait UIInterfaceOrientationPortraitUpsideDown";
				LD_RUNPATH_SEARCH_PATHS = (
					"$(inherited)",
					"@executable_path/Frameworks",
				);
				MARKETING_VERSION = 1.0;
				PRODUCT_BUNDLE_IDENTIFIER = mrakSoft.ContactList;
				PRODUCT_NAME = "$(TARGET_NAME)";
				SUPPORTED_PLATFORMS = "iphoneos iphonesimulator";
				SUPPORTS_MACCATALYST = NO;
				SUPPORTS_MAC_DESIGNED_FOR_IPHONE_IPAD = NO;
				SWIFT_EMIT_LOC_STRINGS = YES;
				SWIFT_VERSION = 5.0;
				TARGETED_DEVICE_FAMILY = 1;
			};
			name = Debug;
		};
		88B0F7632B2DCCBE009F5944 /* Release */ = {
			isa = XCBuildConfiguration;
			buildSettings = {
				ASSETCATALOG_COMPILER_APPICON_NAME = AppIcon;
				ASSETCATALOG_COMPILER_GLOBAL_ACCENT_COLOR_NAME = AccentColor;
				CODE_SIGN_STYLE = Automatic;
				CURRENT_PROJECT_VERSION = 1;
				DEVELOPMENT_TEAM = 22F4X6HQFV;
				GENERATE_INFOPLIST_FILE = YES;
				INFOPLIST_FILE = ContactList/App/Info.plist;
				INFOPLIST_KEY_UIApplicationSupportsIndirectInputEvents = YES;
				INFOPLIST_KEY_UILaunchStoryboardName = LaunchScreen;
				INFOPLIST_KEY_UIMainStoryboardFile = Main;
				INFOPLIST_KEY_UISupportedInterfaceOrientations = UIInterfaceOrientationPortrait;
				INFOPLIST_KEY_UISupportedInterfaceOrientations_iPad = "UIInterfaceOrientationLandscapeLeft UIInterfaceOrientationLandscapeRight UIInterfaceOrientationPortrait UIInterfaceOrientationPortraitUpsideDown";
				LD_RUNPATH_SEARCH_PATHS = (
					"$(inherited)",
					"@executable_path/Frameworks",
				);
				MARKETING_VERSION = 1.0;
				PRODUCT_BUNDLE_IDENTIFIER = mrakSoft.ContactList;
				PRODUCT_NAME = "$(TARGET_NAME)";
				SUPPORTED_PLATFORMS = "iphoneos iphonesimulator";
				SUPPORTS_MACCATALYST = NO;
				SUPPORTS_MAC_DESIGNED_FOR_IPHONE_IPAD = NO;
				SWIFT_EMIT_LOC_STRINGS = YES;
				SWIFT_VERSION = 5.0;
				TARGETED_DEVICE_FAMILY = 1;
			};
			name = Release;
		};
/* End XCBuildConfiguration section */

/* Begin XCConfigurationList section */
		88B0F7482B2DCCBC009F5944 /* Build configuration list for PBXProject "ContactList" */ = {
			isa = XCConfigurationList;
			buildConfigurations = (
				88B0F75F2B2DCCBE009F5944 /* Debug */,
				88B0F7602B2DCCBE009F5944 /* Release */,
			);
			defaultConfigurationIsVisible = 0;
			defaultConfigurationName = Release;
		};
		88B0F7612B2DCCBE009F5944 /* Build configuration list for PBXNativeTarget "ContactList" */ = {
			isa = XCConfigurationList;
			buildConfigurations = (
				88B0F7622B2DCCBE009F5944 /* Debug */,
				88B0F7632B2DCCBE009F5944 /* Release */,
			);
			defaultConfigurationIsVisible = 0;
			defaultConfigurationName = Release;
		};
/* End XCConfigurationList section */
	};
	rootObject = 88B0F7452B2DCCBC009F5944 /* Project object */;
}
